
Microsoft Visual Studio Solution File, Format Version 12.00
# Visual Studio 15
VisualStudioVersion = 15.0.27130.2027
MinimumVisualStudioVersion = 10.0.40219.1
Project("{8BC9CEB8-8B4A-11D0-8D11-00A0C91BC942}") = "NetworkProgrammingServer", "NetworkProgrammingServer\NetworkProgrammingServer.vcxproj", "{62A387E3-1B29-4337-86FD-9B6F87CABF78}"
EndProject
Global
	GlobalSection(SolutionConfigurationPlatforms) = preSolution
		Debug|Win32 = Debug|Win32
		Release|Win32 = Release|Win32
	EndGlobalSection
	GlobalSection(ProjectConfigurationPlatforms) = postSolution
		{62A387E3-1B29-4337-86FD-9B6F87CABF78}.Debug|Win32.ActiveCfg = Debug|x64
		{62A387E3-1B29-4337-86FD-9B6F87CABF78}.Debug|Win32.Build.0 = Debug|x64
		{62A387E3-1B29-4337-86FD-9B6F87CABF78}.Release|Win32.ActiveCfg = Release|Win32
		{62A387E3-1B29-4337-86FD-9B6F87CABF78}.Release|Win32.Build.0 = Release|Win32
	EndGlobalSection
	GlobalSection(SolutionProperties) = preSolution
		HideSolutionNode = FALSE
	EndGlobalSection
	GlobalSection(ExtensibilityGlobals) = postSolution
		SolutionGuid = {382D81E4-A29D-4571-8611-97B25FF9F72A}
	EndGlobalSection
EndGlobal
